// !$*UTF8*$!
{
	archiveVersion = 1;
	classes = {
	};
	objectVersion = 46;
	objects = {

/* Begin PBXBuildFile section */
		844FF7A41A6C02E5008BC6E9 /* AppDelegate.m in Sources */ = {isa = PBXBuildFile; fileRef = 844FF7A31A6C02E5008BC6E9 /* AppDelegate.m */; };
		844FF7A61A6C02E5008BC6E9 /* main.m in Sources */ = {isa = PBXBuildFile; fileRef = 844FF7A51A6C02E5008BC6E9 /* main.m */; };
		844FF7A81A6C02E5008BC6E9 /* Images.xcassets in Resources */ = {isa = PBXBuildFile; fileRef = 844FF7A71A6C02E5008BC6E9 /* Images.xcassets */; };
		844FF7AB1A6C02E5008BC6E9 /* MainMenu.xib in Resources */ = {isa = PBXBuildFile; fileRef = 844FF7A91A6C02E5008BC6E9 /* MainMenu.xib */; };
		844FF7B71A6C02E5008BC6E9 /* werbetafelTests.m in Sources */ = {isa = PBXBuildFile; fileRef = 844FF7B61A6C02E5008BC6E9 /* werbetafelTests.m */; };
/* End PBXBuildFile section */

/* Begin PBXContainerItemProxy section */
		844FF7B11A6C02E5008BC6E9 /* PBXContainerItemProxy */ = {
			isa = PBXContainerItemProxy;
			containerPortal = 844FF7951A6C02E5008BC6E9 /* Project object */;
			proxyType = 1;
			remoteGlobalIDString = 844FF79C1A6C02E5008BC6E9;
			remoteInfo = werbetafel;
		};
/* End PBXContainerItemProxy section */

/* Begin PBXFileReference section */
		844FF79D1A6C02E5008BC6E9 /* werbetafel.app */ = {isa = PBXFileReference; explicitFileType = wrapper.application; includeInIndex = 0; path = werbetafel.app; sourceTree = BUILT_PRODUCTS_DIR; };
		844FF7A11A6C02E5008BC6E9 /* Info.plist */ = {isa = PBXFileReference; lastKnownFileType = text.plist.xml; path = Info.plist; sourceTree = "<group>"; };
		844FF7A21A6C02E5008BC6E9 /* AppDelegate.h */ = {isa = PBXFileReference; lastKnownFileType = sourcecode.c.h; path = AppDelegate.h; sourceTree = "<group>"; };
		844FF7A31A6C02E5008BC6E9 /* AppDelegate.m */ = {isa = PBXFileReference; lastKnownFileType = sourcecode.c.objc; path = AppDelegate.m; sourceTree = "<group>"; };
		844FF7A51A6C02E5008BC6E9 /* main.m */ = {isa = PBXFileReference; lastKnownFileType = sourcecode.c.objc; path = main.m; sourceTree = "<group>"; };
		844FF7A71A6C02E5008BC6E9 /* Images.xcassets */ = {isa = PBXFileReference; lastKnownFileType = folder.assetcatalog; path = Images.xcassets; sourceTree = "<group>"; };
		844FF7AA1A6C02E5008BC6E9 /* Base */ = {isa = PBXFileReference; lastKnownFileType = file.xib; name = Base; path = Base.lproj/MainMenu.xib; sourceTree = "<group>"; };
		844FF7B01A6C02E5008BC6E9 /* werbetafelTests.xctest */ = {isa = PBXFileReference; explicitFileType = wrapper.cfbundle; includeInIndex = 0; path = werbetafelTests.xctest; sourceTree = BUILT_PRODUCTS_DIR; };
		844FF7B51A6C02E5008BC6E9 /* Info.plist */ = {isa = PBXFileReference; lastKnownFileType = text.plist.xml; path = Info.plist; sourceTree = "<group>"; };
		844FF7B61A6C02E5008BC6E9 /* werbetafelTests.m */ = {isa = PBXFileReference; lastKnownFileType = sourcecode.c.objc; path = werbetafelTests.m; sourceTree = "<group>"; };
/* End PBXFileReference section */

/* Begin PBXFrameworksBuildPhase section */
		844FF79A1A6C02E5008BC6E9 /* Frameworks */ = {
			isa = PBXFrameworksBuildPhase;
			buildActionMask = 2147483647;
			files = (
			);
			runOnlyForDeploymentPostprocessing = 0;
		};
		844FF7AD1A6C02E5008BC6E9 /* Frameworks */ = {
			isa = PBXFrameworksBuildPhase;
			buildActionMask = 2147483647;
			files = (
			);
			runOnlyForDeploymentPostprocessing = 0;
		};
/* End PBXFrameworksBuildPhase section */

/* Begin PBXGroup section */
		844FF7941A6C02E5008BC6E9 = {
			isa = PBXGroup;
			children = (
				844FF79F1A6C02E5008BC6E9 /* werbetafel */,
				844FF7B31A6C02E5008BC6E9 /* werbetafelTests */,
				844FF79E1A6C02E5008BC6E9 /* Products */,
			);
			sourceTree = "<group>";
		};
		844FF79E1A6C02E5008BC6E9 /* Products */ = {
			isa = PBXGroup;
			children = (
				844FF79D1A6C02E5008BC6E9 /* werbetafel.app */,
				844FF7B01A6C02E5008BC6E9 /* werbetafelTests.xctest */,
			);
			name = Products;
			sourceTree = "<group>";
		};
		844FF79F1A6C02E5008BC6E9 /* werbetafel */ = {
			isa = PBXGroup;
			children = (
				844FF7A21A6C02E5008BC6E9 /* AppDelegate.h */,
				844FF7A31A6C02E5008BC6E9 /* AppDelegate.m */,
				844FF7A71A6C02E5008BC6E9 /* Images.xcassets */,
				844FF7A91A6C02E5008BC6E9 /* MainMenu.xib */,
				844FF7A01A6C02E5008BC6E9 /* Supporting Files */,
			);
			path = werbetafel;
			sourceTree = "<group>";
		};
		844FF7A01A6C02E5008BC6E9 /* Supporting Files */ = {
			isa = PBXGroup;
			children = (
				844FF7A11A6C02E5008BC6E9 /* Info.plist */,
				844FF7A51A6C02E5008BC6E9 /* main.m */,
			);
			name = "Supporting Files";
			sourceTree = "<group>";
		};
		844FF7B31A6C02E5008BC6E9 /* werbetafelTests */ = {
			isa = PBXGroup;
			children = (
				844FF7B61A6C02E5008BC6E9 /* werbetafelTests.m */,
				844FF7B41A6C02E5008BC6E9 /* Supporting Files */,
			);
			path = werbetafelTests;
			sourceTree = "<group>";
		};
		844FF7B41A6C02E5008BC6E9 /* Supporting Files */ = {
			isa = PBXGroup;
			children = (
				844FF7B51A6C02E5008BC6E9 /* Info.plist */,
			);
			name = "Supporting Files";
			sourceTree = "<group>";
		};
/* End PBXGroup section */

/* Begin PBXNativeTarget section */
		844FF79C1A6C02E5008BC6E9 /* werbetafel */ = {
			isa = PBXNativeTarget;
			buildConfigurationList = 844FF7BA1A6C02E5008BC6E9 /* Build configuration list for PBXNativeTarget "werbetafel" */;
			buildPhases = (
				844FF7991A6C02E5008BC6E9 /* Sources */,
				844FF79A1A6C02E5008BC6E9 /* Frameworks */,
				844FF79B1A6C02E5008BC6E9 /* Resources */,
			);
			buildRules = (
			);
			dependencies = (
			);
			name = werbetafel;
			productName = werbetafel;
			productReference = 844FF79D1A6C02E5008BC6E9 /* werbetafel.app */;
			productType = "com.apple.product-type.application";
		};
		844FF7AF1A6C02E5008BC6E9 /* werbetafelTests */ = {
			isa = PBXNativeTarget;
			buildConfigurationList = 844FF7BD1A6C02E5008BC6E9 /* Build configuration list for PBXNativeTarget "werbetafelTests" */;
			buildPhases = (
				844FF7AC1A6C02E5008BC6E9 /* Sources */,
				844FF7AD1A6C02E5008BC6E9 /* Frameworks */,
				844FF7AE1A6C02E5008BC6E9 /* Resources */,
			);
			buildRules = (
			);
			dependencies = (
				844FF7B21A6C02E5008BC6E9 /* PBXTargetDependency */,
			);
			name = werbetafelTests;
			productName = werbetafelTests;
			productReference = 844FF7B01A6C02E5008BC6E9 /* werbetafelTests.xctest */;
			productType = "com.apple.product-type.bundle.unit-test";
		};
/* End PBXNativeTarget section */

/* Begin PBXProject section */
		844FF7951A6C02E5008BC6E9 /* Project object */ = {
			isa = PBXProject;
			attributes = {
				LastUpgradeCheck = 0610;
				ORGANIZATIONNAME = nein;
				TargetAttributes = {
					844FF79C1A6C02E5008BC6E9 = {
						CreatedOnToolsVersion = 6.1.1;
					};
					844FF7AF1A6C02E5008BC6E9 = {
						CreatedOnToolsVersion = 6.1.1;
						TestTargetID = 844FF79C1A6C02E5008BC6E9;
					};
				};
			};
			buildConfigurationList = 844FF7981A6C02E5008BC6E9 /* Build configuration list for PBXProject "werbetafel" */;
			compatibilityVersion = "Xcode 3.2";
			developmentRegion = English;
			hasScannedForEncodings = 0;
			knownRegions = (
				en,
				Base,
			);
			mainGroup = 844FF7941A6C02E5008BC6E9;
			productRefGroup = 844FF79E1A6C02E5008BC6E9 /* Products */;
			projectDirPath = "";
			projectRoot = "";
			targets = (
				844FF79C1A6C02E5008BC6E9 /* werbetafel */,
				844FF7AF1A6C02E5008BC6E9 /* werbetafelTests */,
			);
		};
/* End PBXProject section */

/* Begin PBXResourcesBuildPhase section */
		844FF79B1A6C02E5008BC6E9 /* Resources */ = {
			isa = PBXResourcesBuildPhase;
			buildActionMask = 2147483647;
			files = (
				844FF7A81A6C02E5008BC6E9 /* Images.xcassets in Resources */,
				844FF7AB1A6C02E5008BC6E9 /* MainMenu.xib in Resources */,
			);
			runOnlyForDeploymentPostprocessing = 0;
		};
		844FF7AE1A6C02E5008BC6E9 /* Resources */ = {
			isa = PBXResourcesBuildPhase;
			buildActionMask = 2147483647;
			files = (
			);
			runOnlyForDeploymentPostprocessing = 0;
		};
/* End PBXResourcesBuildPhase section */

/* Begin PBXSourcesBuildPhase section */
		844FF7991A6C02E5008BC6E9 /* Sources */ = {
			isa = PBXSourcesBuildPhase;
			buildActionMask = 2147483647;
			files = (
				844FF7A61A6C02E5008BC6E9 /* main.m in Sources */,
				844FF7A41A6C02E5008BC6E9 /* AppDelegate.m in Sources */,
			);
			runOnlyForDeploymentPostprocessing = 0;
		};
		844FF7AC1A6C02E5008BC6E9 /* Sources */ = {
			isa = PBXSourcesBuildPhase;
			buildActionMask = 2147483647;
			files = (
				844FF7B71A6C02E5008BC6E9 /* werbetafelTests.m in Sources */,
			);
			runOnlyForDeploymentPostprocessing = 0;
		};
/* End PBXSourcesBuildPhase section */

/* Begin PBXTargetDependency section */
		844FF7B21A6C02E5008BC6E9 /* PBXTargetDependency */ = {
			isa = PBXTargetDependency;
			target = 844FF79C1A6C02E5008BC6E9 /* werbetafel */;
			targetProxy = 844FF7B11A6C02E5008BC6E9 /* PBXContainerItemProxy */;
		};
/* End PBXTargetDependency section */

/* Begin PBXVariantGroup section */
		844FF7A91A6C02E5008BC6E9 /* MainMenu.xib */ = {
			isa = PBXVariantGroup;
			children = (
				844FF7AA1A6C02E5008BC6E9 /* Base */,
			);
			name = MainMenu.xib;
			sourceTree = "<group>";
		};
/* End PBXVariantGroup section */

/* Begin XCBuildConfiguration section */
		844FF7B81A6C02E5008BC6E9 /* Debug */ = {
			isa = XCBuildConfiguration;
			buildSettings = {
				ALWAYS_SEARCH_USER_PATHS = NO;
				CLANG_CXX_LANGUAGE_STANDARD = "gnu++0x";
				CLANG_CXX_LIBRARY = "libc++";
				CLANG_ENABLE_MODULES = YES;
				CLANG_ENABLE_OBJC_ARC = YES;
				CLANG_WARN_BOOL_CONVERSION = YES;
				CLANG_WARN_CONSTANT_CONVERSION = YES;
				CLANG_WARN_DIRECT_OBJC_ISA_USAGE = YES_ERROR;
				CLANG_WARN_EMPTY_BODY = YES;
				CLANG_WARN_ENUM_CONVERSION = YES;
				CLANG_WARN_INT_CONVERSION = YES;
				CLANG_WARN_OBJC_ROOT_CLASS = YES_ERROR;
				CLANG_WARN_UNREACHABLE_CODE = YES;
				CLANG_WARN__DUPLICATE_METHOD_MATCH = YES;
				CODE_SIGN_IDENTITY = "-";
				COPY_PHASE_STRIP = NO;
				ENABLE_STRICT_OBJC_MSGSEND = YES;
				GCC_C_LANGUAGE_STANDARD = gnu99;
				GCC_DYNAMIC_NO_PIC = NO;
				GCC_OPTIMIZATION_LEVEL = 0;
				GCC_PREPROCESSOR_DEFINITIONS = (
					"DEBUG=1",
					"$(inherited)",
				);
				GCC_SYMBOLS_PRIVATE_EXTERN = NO;
				GCC_WARN_64_TO_32_BIT_CONVERSION = YES;
				GCC_WARN_ABOUT_RETURN_TYPE = YES_ERROR;
				GCC_WARN_UNDECLARED_SELECTOR = YES;
				GCC_WARN_UNINITIALIZED_AUTOS = YES_AGGRESSIVE;
				GCC_WARN_UNUSED_FUNCTION = YES;
				GCC_WARN_UNUSED_VARIABLE = YES;
				MACOSX_DEPLOYMENT_TARGET = 10.10;
				MTL_ENABLE_DEBUG_INFO = YES;
				ONLY_ACTIVE_ARCH = YES;
				SDKROOT = macosx;
			};
			name = Debug;
		};
		844FF7B91A6C02E5008BC6E9 /* Release */ = {
			isa = XCBuildConfiguration;
			buildSettings = {
				ALWAYS_SEARCH_USER_PATHS = NO;
				CLANG_CXX_LANGUAGE_STANDARD = "gnu++0x";
				CLANG_CXX_LIBRARY = "libc++";
				CLANG_ENABLE_MODULES = YES;
				CLANG_ENABLE_OBJC_ARC = YES;
				CLANG_WARN_BOOL_CONVERSION = YES;
				CLANG_WARN_CONSTANT_CONVERSION = YES;
				CLANG_WARN_DIRECT_OBJC_ISA_USAGE = YES_ERROR;
				CLANG_WARN_EMPTY_BODY = YES;
				CLANG_WARN_ENUM_CONVERSION = YES;
				CLANG_WARN_INT_CONVERSION = YES;
				CLANG_WARN_OBJC_ROOT_CLASS = YES_ERROR;
				CLANG_WARN_UNREACHABLE_CODE = YES;
				CLANG_WARN__DUPLICATE_METHOD_MATCH = YES;
				CODE_SIGN_IDENTITY = "-";
				COPY_PHASE_STRIP = YES;
				DEBUG_INFORMATION_FORMAT = "dwarf-with-dsym";
				ENABLE_NS_ASSERTIONS = NO;
				ENABLE_STRICT_OBJC_MSGSEND = YES;
				GCC_C_LANGUAGE_STANDARD = gnu99;
				GCC_WARN_64_TO_32_BIT_CONVERSION = YES;
				GCC_WARN_ABOUT_RETURN_TYPE = YES_ERROR;
				GCC_WARN_UNDECLARED_SELECTOR = YES;
				GCC_WARN_UNINITIALIZED_AUTOS = YES_AGGRESSIVE;
				GCC_WARN_UNUSED_FUNCTION = YES;
				GCC_WARN_UNUSED_VARIABLE = YES;
				MACOSX_DEPLOYMENT_TARGET = 10.10;
				MTL_ENABLE_DEBUG_INFO = NO;
				SDKROOT = macosx;
			};
			name = Release;
		};
		844FF7BB1A6C02E5008BC6E9 /* Debug */ = {
			isa = XCBuildConfiguration;
			buildSettings = {
				ASSETCATALOG_COMPILER_APPICON_NAME = AppIcon;
				COMBINE_HIDPI_IMAGES = YES;
				INFOPLIST_FILE = werbetafel/Info.plist;
				LD_RUNPATH_SEARCH_PATHS = "$(inherited) @executable_path/../Frameworks";
				PRODUCT_NAME = "$(TARGET_NAME)";
			};
			name = Debug;
		};
		844FF7BC1A6C02E5008BC6E9 /* Release */ = {
			isa = XCBuildConfiguration;
			buildSettings = {
				ASSETCATALOG_COMPILER_APPICON_NAME = AppIcon;
				COMBINE_HIDPI_IMAGES = YES;
				INFOPLIST_FILE = werbetafel/Info.plist;
				LD_RUNPATH_SEARCH_PATHS = "$(inherited) @executable_path/../Frameworks";
				PRODUCT_NAME = "$(TARGET_NAME)";
			};
			name = Release;
		};
		844FF7BE1A6C02E5008BC6E9 /* Debug */ = {
			isa = XCBuildConfiguration;
			buildSettings = {
				BUNDLE_LOADER = "$(TEST_HOST)";
				COMBINE_HIDPI_IMAGES = YES;
				FRAMEWORK_SEARCH_PATHS = (
					"$(DEVELOPER_FRAMEWORKS_DIR)",
					"$(inherited)",
				);
				GCC_PREPROCESSOR_DEFINITIONS = (
					"DEBUG=1",
					"$(inherited)",
				);
				INFOPLIST_FILE = werbetafelTests/Info.plist;
				LD_RUNPATH_SEARCH_PATHS = "$(inherited) @executable_path/../Frameworks @loader_path/../Frameworks";
				PRODUCT_NAME = "$(TARGET_NAME)";
				TEST_HOST = "$(BUILT_PRODUCTS_DIR)/werbetafel.app/Contents/MacOS/werbetafel";
			};
			name = Debug;
		};
		844FF7BF1A6C02E5008BC6E9 /* Release */ = {
			isa = XCBuildConfiguration;
			buildSettings = {
				BUNDLE_LOADER = "$(TEST_HOST)";
				COMBINE_HIDPI_IMAGES = YES;
				FRAMEWORK_SEARCH_PATHS = (
					"$(DEVELOPER_FRAMEWORKS_DIR)",
					"$(inherited)",
				);
				INFOPLIST_FILE = werbetafelTests/Info.plist;
				LD_RUNPATH_SEARCH_PATHS = "$(inherited) @executable_path/../Frameworks @loader_path/../Frameworks";
				PRODUCT_NAME = "$(TARGET_NAME)";
				TEST_HOST = "$(BUILT_PRODUCTS_DIR)/werbetafel.app/Contents/MacOS/werbetafel";
			};
			name = Release;
		};
/* End XCBuildConfiguration section */

/* Begin XCConfigurationList section */
		844FF7981A6C02E5008BC6E9 /* Build configuration list for PBXProject "werbetafel" */ = {
			isa = XCConfigurationList;
			buildConfigurations = (
				844FF7B81A6C02E5008BC6E9 /* Debug */,
				844FF7B91A6C02E5008BC6E9 /* Release */,
			);
			defaultConfigurationIsVisible = 0;
			defaultConfigurationName = Release;
		};
		844FF7BA1A6C02E5008BC6E9 /* Build configuration list for PBXNativeTarget "werbetafel" */ = {
			isa = XCConfigurationList;
			buildConfigurations = (
				844FF7BB1A6C02E5008BC6E9 /* Debug */,
				844FF7BC1A6C02E5008BC6E9 /* Release */,
			);
			defaultConfigurationIsVisible = 0;
		};
		844FF7BD1A6C02E5008BC6E9 /* Build configuration list for PBXNativeTarget "werbetafelTests" */ = {
			isa = XCConfigurationList;
			buildConfigurations = (
				844FF7BE1A6C02E5008BC6E9 /* Debug */,
				844FF7BF1A6C02E5008BC6E9 /* Release */,
			);
			defaultConfigurationIsVisible = 0;
		};
/* End XCConfigurationList section */
	};
	rootObject = 844FF7951A6C02E5008BC6E9 /* Project object */;
}
